
Microsoft Visual Studio Solution File, Format Version 12.00
# Visual Studio Version 17
VisualStudioVersion = 17.0.32112.339
MinimumVisualStudioVersion = 10.0.40219.1
Project("{FAE04EC0-301F-11D3-BF4B-00C04F79EFBC}") = "BlackJack", "BlackJack\BlackJack.csproj", "{FF4BDA91-07CF-4F32-AADF-AABF5D864DA9}"
EndProject
Global
	GlobalSection(SolutionConfigurationPlatforms) = preSolution
		Debug|Any CPU = Debug|Any CPU
		Release|Any CPU = Release|Any CPU
	EndGlobalSection
	GlobalSection(ProjectConfigurationPlatforms) = postSolution
		{FF4BDA91-07CF-4F32-AADF-AABF5D864DA9}.Debug|Any CPU.ActiveCfg = Debug|Any CPU
		{FF4BDA91-07CF-4F32-AADF-AABF5D864DA9}.Debug|Any CPU.Build.0 = Debug|Any CPU
		{FF4BDA91-07CF-4F32-AADF-AABF5D864DA9}.Release|Any CPU.ActiveCfg = Release|Any CPU
		{FF4BDA91-07CF-4F32-AADF-AABF5D864DA9}.Release|Any CPU.Build.0 = Release|Any CPU
	EndGlobalSection
	GlobalSection(SolutionProperties) = preSolution
		HideSolutionNode = FALSE
	EndGlobalSection
	GlobalSection(ExtensibilityGlobals) = postSolution
		SolutionGuid = {B86B2EFE-6200-4D71-BFE7-BCC5671551B7}
	EndGlobalSection
EndGlobal
